
Microsoft Visual Studio Solution File, Format Version 11.00
# Visual Studio 2010
Project("{FAE04EC0-301F-11D3-BF4B-00C04F79EFBC}") = "GitForSqlServerManagmentStudio", "GitForSqlServerManagmentStudio\GitForSqlServerManagmentStudio.csproj", "{858009ED-D0A1-4E83-AC3E-16CCC29A42A3}"
EndProject
Project("{54435603-DBB4-11D2-8724-00A0C9A8B90C}") = "Setup", "Setup\Setup1.vdproj", "{3B738DBF-E39C-46FB-B50D-81651BB9EED7}"
EndProject
Global
	GlobalSection(SolutionConfigurationPlatforms) = preSolution
		Debug|Any CPU = Debug|Any CPU
		Release|Any CPU = Release|Any CPU
	EndGlobalSection
	GlobalSection(ProjectConfigurationPlatforms) = postSolution
		{858009ED-D0A1-4E83-AC3E-16CCC29A42A3}.Debug|Any CPU.ActiveCfg = Debug|Any CPU
		{858009ED-D0A1-4E83-AC3E-16CCC29A42A3}.Debug|Any CPU.Build.0 = Debug|Any CPU
		{858009ED-D0A1-4E83-AC3E-16CCC29A42A3}.Release|Any CPU.ActiveCfg = Release|Any CPU
		{858009ED-D0A1-4E83-AC3E-16CCC29A42A3}.Release|Any CPU.Build.0 = Release|Any CPU
		{3B738DBF-E39C-46FB-B50D-81651BB9EED7}.Debug|Any CPU.ActiveCfg = Debug
		{3B738DBF-E39C-46FB-B50D-81651BB9EED7}.Debug|Any CPU.Build.0 = Debug
		{3B738DBF-E39C-46FB-B50D-81651BB9EED7}.Release|Any CPU.ActiveCfg = Release
		{3B738DBF-E39C-46FB-B50D-81651BB9EED7}.Release|Any CPU.Build.0 = Release
	EndGlobalSection
	GlobalSection(SolutionProperties) = preSolution
		HideSolutionNode = FALSE
	EndGlobalSection
EndGlobal
